
Microsoft Visual Studio Solution File, Format Version 12.00
# Visual Studio 2013
VisualStudioVersion = 12.0.31101.0
MinimumVisualStudioVersion = 10.0.40219.1
Project("{FAE04EC0-301F-11D3-BF4B-00C04F79EFBC}") = "ProjectName.Presentation", "ProjectName.Presentation\ProjectName.Presentation.csproj", "{CAAC3CF4-42BC-48BE-8C94-6CB4536249EC}"
EndProject
Project("{FAE04EC0-301F-11D3-BF4B-00C04F79EFBC}") = "DataAccess", "DataAccess\DataAccess.csproj", "{F9A8B3F7-0082-4E73-BA4C-0129F5761442}"
EndProject
Global
	GlobalSection(SolutionConfigurationPlatforms) = preSolution
		Debug|Any CPU = Debug|Any CPU
		Release|Any CPU = Release|Any CPU
	EndGlobalSection
	GlobalSection(ProjectConfigurationPlatforms) = postSolution
		{CAAC3CF4-42BC-48BE-8C94-6CB4536249EC}.Debug|Any CPU.ActiveCfg = Debug|Any CPU
		{CAAC3CF4-42BC-48BE-8C94-6CB4536249EC}.Debug|Any CPU.Build.0 = Debug|Any CPU
		{CAAC3CF4-42BC-48BE-8C94-6CB4536249EC}.Release|Any CPU.ActiveCfg = Release|Any CPU
		{CAAC3CF4-42BC-48BE-8C94-6CB4536249EC}.Release|Any CPU.Build.0 = Release|Any CPU
		{F9A8B3F7-0082-4E73-BA4C-0129F5761442}.Debug|Any CPU.ActiveCfg = Debug|Any CPU
		{F9A8B3F7-0082-4E73-BA4C-0129F5761442}.Debug|Any CPU.Build.0 = Debug|Any CPU
		{F9A8B3F7-0082-4E73-BA4C-0129F5761442}.Release|Any CPU.ActiveCfg = Release|Any CPU
		{F9A8B3F7-0082-4E73-BA4C-0129F5761442}.Release|Any CPU.Build.0 = Release|Any CPU
	EndGlobalSection
	GlobalSection(SolutionProperties) = preSolution
		HideSolutionNode = FALSE
	EndGlobalSection
EndGlobal
